// !$*UTF8*$!
{
	archiveVersion = 1;
	classes = {
	};
	objectVersion = 46;
	objects = {

/* Begin PBXBuildFile section */
		4E1ED2A51CF32DDD008847B2 /* DemoPasscodeService.swift in Sources */ = {isa = PBXBuildFile; fileRef = 4E1ED2A41CF32DDD008847B2 /* DemoPasscodeService.swift */; };
		4E3362FE1CF11C6D00DA5D83 /* AppDelegate.swift in Sources */ = {isa = PBXBuildFile; fileRef = 4E3362FD1CF11C6D00DA5D83 /* AppDelegate.swift */; };
		4E3363001CF11C6D00DA5D83 /* InitialViewController.swift in Sources */ = {isa = PBXBuildFile; fileRef = 4E3362FF1CF11C6D00DA5D83 /* InitialViewController.swift */; };
		4E3363031CF11C6D00DA5D83 /* Main.storyboard in Resources */ = {isa = PBXBuildFile; fileRef = 4E3363011CF11C6D00DA5D83 /* Main.storyboard */; };
		4E3363051CF11C6D00DA5D83 /* Assets.xcassets in Resources */ = {isa = PBXBuildFile; fileRef = 4E3363041CF11C6D00DA5D83 /* Assets.xcassets */; };
		4E3363081CF11C6D00DA5D83 /* LaunchScreen.storyboard in Resources */ = {isa = PBXBuildFile; fileRef = 4E3363061CF11C6D00DA5D83 /* LaunchScreen.storyboard */; };
		4E6007B31CF369720061DD63 /* DemoUser.swift in Sources */ = {isa = PBXBuildFile; fileRef = 4E6007B21CF369720061DD63 /* DemoUser.swift */; };
		4E84DE891CF11D01000C3C94 /* APPSPasscode.framework in Frameworks */ = {isa = PBXBuildFile; fileRef = 4E84DE881CF11D01000C3C94 /* APPSPasscode.framework */; };
/* End PBXBuildFile section */

/* Begin PBXFileReference section */
		4E1ED2A41CF32DDD008847B2 /* DemoPasscodeService.swift */ = {isa = PBXFileReference; fileEncoding = 4; lastKnownFileType = sourcecode.swift; path = DemoPasscodeService.swift; sourceTree = "<group>"; };
		4E3362FA1CF11C6D00DA5D83 /* Example.app */ = {isa = PBXFileReference; explicitFileType = wrapper.application; includeInIndex = 0; path = Example.app; sourceTree = BUILT_PRODUCTS_DIR; };
		4E3362FD1CF11C6D00DA5D83 /* AppDelegate.swift */ = {isa = PBXFileReference; lastKnownFileType = sourcecode.swift; path = AppDelegate.swift; sourceTree = "<group>"; };
		4E3362FF1CF11C6D00DA5D83 /* InitialViewController.swift */ = {isa = PBXFileReference; lastKnownFileType = sourcecode.swift; path = InitialViewController.swift; sourceTree = "<group>"; };
		4E3363021CF11C6D00DA5D83 /* Base */ = {isa = PBXFileReference; lastKnownFileType = file.storyboard; name = Base; path = Base.lproj/Main.storyboard; sourceTree = "<group>"; };
		4E3363041CF11C6D00DA5D83 /* Assets.xcassets */ = {isa = PBXFileReference; lastKnownFileType = folder.assetcatalog; path = Assets.xcassets; sourceTree = "<group>"; };
		4E3363071CF11C6D00DA5D83 /* Base */ = {isa = PBXFileReference; lastKnownFileType = file.storyboard; name = Base; path = Base.lproj/LaunchScreen.storyboard; sourceTree = "<group>"; };
		4E3363091CF11C6D00DA5D83 /* Info.plist */ = {isa = PBXFileReference; lastKnownFileType = text.plist.xml; path = Info.plist; sourceTree = "<group>"; };
		4E6007B21CF369720061DD63 /* DemoUser.swift */ = {isa = PBXFileReference; fileEncoding = 4; lastKnownFileType = sourcecode.swift; path = DemoUser.swift; sourceTree = "<group>"; };
		4E84DE881CF11D01000C3C94 /* APPSPasscode.framework */ = {isa = PBXFileReference; lastKnownFileType = wrapper.framework; name = APPSPasscode.framework; path = "../build/Debug-iphoneos/APPSPasscode.framework"; sourceTree = "<group>"; };
/* End PBXFileReference section */

/* Begin PBXFrameworksBuildPhase section */
		4E3362F71CF11C6D00DA5D83 /* Frameworks */ = {
			isa = PBXFrameworksBuildPhase;
			buildActionMask = 2147483647;
			files = (
				4E84DE891CF11D01000C3C94 /* APPSPasscode.framework in Frameworks */,
			);
			runOnlyForDeploymentPostprocessing = 0;
		};
/* End PBXFrameworksBuildPhase section */

/* Begin PBXGroup section */
		4E3362F11CF11C6D00DA5D83 = {
			isa = PBXGroup;
			children = (
				4E84DE881CF11D01000C3C94 /* APPSPasscode.framework */,
				4E3362FC1CF11C6D00DA5D83 /* Example */,
				4E3362FB1CF11C6D00DA5D83 /* Products */,
			);
			sourceTree = "<group>";
		};
		4E3362FB1CF11C6D00DA5D83 /* Products */ = {
			isa = PBXGroup;
			children = (
				4E3362FA1CF11C6D00DA5D83 /* Example.app */,
			);
			name = Products;
			sourceTree = "<group>";
		};
		4E3362FC1CF11C6D00DA5D83 /* Example */ = {
			isa = PBXGroup;
			children = (
				4E1ED2A41CF32DDD008847B2 /* DemoPasscodeService.swift */,
				4E6007B21CF369720061DD63 /* DemoUser.swift */,
				4E3362FD1CF11C6D00DA5D83 /* AppDelegate.swift */,
				4E3362FF1CF11C6D00DA5D83 /* InitialViewController.swift */,
				4E3363011CF11C6D00DA5D83 /* Main.storyboard */,
				4E3363041CF11C6D00DA5D83 /* Assets.xcassets */,
				4E3363061CF11C6D00DA5D83 /* LaunchScreen.storyboard */,
				4E3363091CF11C6D00DA5D83 /* Info.plist */,
			);
			path = Example;
			sourceTree = "<group>";
		};
/* End PBXGroup section */

/* Begin PBXNativeTarget section */
		4E3362F91CF11C6D00DA5D83 /* Example */ = {
			isa = PBXNativeTarget;
			buildConfigurationList = 4E33630C1CF11C6D00DA5D83 /* Build configuration list for PBXNativeTarget "Example" */;
			buildPhases = (
				4E3362F61CF11C6D00DA5D83 /* Sources */,
				4E3362F71CF11C6D00DA5D83 /* Frameworks */,
				4E3362F81CF11C6D00DA5D83 /* Resources */,
			);
			buildRules = (
			);
			dependencies = (
			);
			name = Example;
			productName = Example;
			productReference = 4E3362FA1CF11C6D00DA5D83 /* Example.app */;
			productType = "com.apple.product-type.application";
		};
/* End PBXNativeTarget section */

/* Begin PBXProject section */
		4E3362F21CF11C6D00DA5D83 /* Project object */ = {
			isa = PBXProject;
			attributes = {
				LastSwiftUpdateCheck = 0730;
				LastUpgradeCheck = 0800;
				ORGANIZATIONNAME = Appstronomy;
				TargetAttributes = {
					4E3362F91CF11C6D00DA5D83 = {
						CreatedOnToolsVersion = 7.3.1;
						LastSwiftMigration = 0800;
					};
				};
			};
			buildConfigurationList = 4E3362F51CF11C6D00DA5D83 /* Build configuration list for PBXProject "Example" */;
			compatibilityVersion = "Xcode 3.2";
			developmentRegion = English;
			hasScannedForEncodings = 0;
			knownRegions = (
				en,
				Base,
			);
			mainGroup = 4E3362F11CF11C6D00DA5D83;
			productRefGroup = 4E3362FB1CF11C6D00DA5D83 /* Products */;
			projectDirPath = "";
			projectRoot = "";
			targets = (
				4E3362F91CF11C6D00DA5D83 /* Example */,
			);
		};
/* End PBXProject section */

/* Begin PBXResourcesBuildPhase section */
		4E3362F81CF11C6D00DA5D83 /* Resources */ = {
			isa = PBXResourcesBuildPhase;
			buildActionMask = 2147483647;
			files = (
				4E3363081CF11C6D00DA5D83 /* LaunchScreen.storyboard in Resources */,
				4E3363051CF11C6D00DA5D83 /* Assets.xcassets in Resources */,
				4E3363031CF11C6D00DA5D83 /* Main.storyboard in Resources */,
			);
			runOnlyForDeploymentPostprocessing = 0;
		};
/* End PBXResourcesBuildPhase section */

/* Begin PBXSourcesBuildPhase section */
		4E3362F61CF11C6D00DA5D83 /* Sources */ = {
			isa = PBXSourcesBuildPhase;
			buildActionMask = 2147483647;
			files = (
				4E3363001CF11C6D00DA5D83 /* InitialViewController.swift in Sources */,
				4E6007B31CF369720061DD63 /* DemoUser.swift in Sources */,
				4E3362FE1CF11C6D00DA5D83 /* AppDelegate.swift in Sources */,
				4E1ED2A51CF32DDD008847B2 /* DemoPasscodeService.swift in Sources */,
			);
			runOnlyForDeploymentPostprocessing = 0;
		};
/* End PBXSourcesBuildPhase section */

/* Begin PBXVariantGroup section */
		4E3363011CF11C6D00DA5D83 /* Main.storyboard */ = {
			isa = PBXVariantGroup;
			children = (
				4E3363021CF11C6D00DA5D83 /* Base */,
			);
			name = Main.storyboard;
			sourceTree = "<group>";
		};
		4E3363061CF11C6D00DA5D83 /* LaunchScreen.storyboard */ = {
			isa = PBXVariantGroup;
			children = (
				4E3363071CF11C6D00DA5D83 /* Base */,
			);
			name = LaunchScreen.storyboard;
			sourceTree = "<group>";
		};
/* End PBXVariantGroup section */

/* Begin XCBuildConfiguration section */
		4E33630A1CF11C6D00DA5D83 /* Debug */ = {
			isa = XCBuildConfiguration;
			buildSettings = {
				ALWAYS_SEARCH_USER_PATHS = NO;
				CLANG_ANALYZER_NONNULL = YES;
				CLANG_CXX_LANGUAGE_STANDARD = "gnu++0x";
				CLANG_CXX_LIBRARY = "libc++";
				CLANG_ENABLE_MODULES = YES;
				CLANG_ENABLE_OBJC_ARC = YES;
				CLANG_WARN_BOOL_CONVERSION = YES;
				CLANG_WARN_CONSTANT_CONVERSION = YES;
				CLANG_WARN_DIRECT_OBJC_ISA_USAGE = YES_ERROR;
				CLANG_WARN_EMPTY_BODY = YES;
				CLANG_WARN_ENUM_CONVERSION = YES;
				CLANG_WARN_INFINITE_RECURSION = YES;
				CLANG_WARN_INT_CONVERSION = YES;
				CLANG_WARN_OBJC_ROOT_CLASS = YES_ERROR;
				CLANG_WARN_SUSPICIOUS_MOVE = YES;
				CLANG_WARN_UNREACHABLE_CODE = YES;
				CLANG_WARN__DUPLICATE_METHOD_MATCH = YES;
				"CODE_SIGN_IDENTITY[sdk=iphoneos*]" = "iPhone Developer";
				COPY_PHASE_STRIP = NO;
				DEBUG_INFORMATION_FORMAT = dwarf;
				ENABLE_STRICT_OBJC_MSGSEND = YES;
				ENABLE_TESTABILITY = YES;
				GCC_C_LANGUAGE_STANDARD = gnu99;
				GCC_DYNAMIC_NO_PIC = NO;
				GCC_NO_COMMON_BLOCKS = YES;
				GCC_OPTIMIZATION_LEVEL = 0;
				GCC_PREPROCESSOR_DEFINITIONS = (
					"DEBUG=1",
					"$(inherited)",
				);
				GCC_WARN_64_TO_32_BIT_CONVERSION = YES;
				GCC_WARN_ABOUT_RETURN_TYPE = YES_ERROR;
				GCC_WARN_UNDECLARED_SELECTOR = YES;
				GCC_WARN_UNINITIALIZED_AUTOS = YES_AGGRESSIVE;
				GCC_WARN_UNUSED_FUNCTION = YES;
				GCC_WARN_UNUSED_VARIABLE = YES;
				IPHONEOS_DEPLOYMENT_TARGET = 9.3;
				MTL_ENABLE_DEBUG_INFO = YES;
				ONLY_ACTIVE_ARCH = YES;
				SDKROOT = iphoneos;
				SWIFT_OPTIMIZATION_LEVEL = "-Onone";
				TARGETED_DEVICE_FAMILY = "1,2";
			};
			name = Debug;
		};
		4E33630B1CF11C6D00DA5D83 /* Release */ = {
			isa = XCBuildConfiguration;
			buildSettings = {
				ALWAYS_SEARCH_USER_PATHS = NO;
				CLANG_ANALYZER_NONNULL = YES;
				CLANG_CXX_LANGUAGE_STANDARD = "gnu++0x";
				CLANG_CXX_LIBRARY = "libc++";
				CLANG_ENABLE_MODULES = YES;
				CLANG_ENABLE_OBJC_ARC = YES;
				CLANG_WARN_BOOL_CONVERSION = YES;
				CLANG_WARN_CONSTANT_CONVERSION = YES;
				CLANG_WARN_DIRECT_OBJC_ISA_USAGE = YES_ERROR;
				CLANG_WARN_EMPTY_BODY = YES;
				CLANG_WARN_ENUM_CONVERSION = YES;
				CLANG_WARN_INFINITE_RECURSION = YES;
				CLANG_WARN_INT_CONVERSION = YES;
				CLANG_WARN_OBJC_ROOT_CLASS = YES_ERROR;
				CLANG_WARN_SUSPICIOUS_MOVE = YES;
				CLANG_WARN_UNREACHABLE_CODE = YES;
				CLANG_WARN__DUPLICATE_METHOD_MATCH = YES;
				"CODE_SIGN_IDENTITY[sdk=iphoneos*]" = "iPhone Developer";
				COPY_PHASE_STRIP = NO;
				DEBUG_INFORMATION_FORMAT = "dwarf-with-dsym";
				ENABLE_NS_ASSERTIONS = NO;
				ENABLE_STRICT_OBJC_MSGSEND = YES;
				GCC_C_LANGUAGE_STANDARD = gnu99;
				GCC_NO_COMMON_BLOCKS = YES;
				GCC_WARN_64_TO_32_BIT_CONVERSION = YES;
				GCC_WARN_ABOUT_RETURN_TYPE = YES_ERROR;
				GCC_WARN_UNDECLARED_SELECTOR = YES;
				GCC_WARN_UNINITIALIZED_AUTOS = YES_AGGRESSIVE;
				GCC_WARN_UNUSED_FUNCTION = YES;
				GCC_WARN_UNUSED_VARIABLE = YES;
				IPHONEOS_DEPLOYMENT_TARGET = 9.3;
				MTL_ENABLE_DEBUG_INFO = NO;
				SDKROOT = iphoneos;
				SWIFT_OPTIMIZATION_LEVEL = "-Owholemodule";
				TARGETED_DEVICE_FAMILY = "1,2";
				VALIDATE_PRODUCT = YES;
			};
			name = Release;
		};
		4E33630D1CF11C6D00DA5D83 /* Debug */ = {
			isa = XCBuildConfiguration;
			buildSettings = {
				ASSETCATALOG_COMPILER_APPICON_NAME = AppIcon;
				INFOPLIST_FILE = Example/Info.plist;
				LD_RUNPATH_SEARCH_PATHS = "$(inherited) @executable_path/Frameworks";
				PRODUCT_BUNDLE_IDENTIFIER = com.appstronomy.Example;
				PRODUCT_NAME = "$(TARGET_NAME)";
				SWIFT_VERSION = 2.3;
			};
			name = Debug;
		};
		4E33630E1CF11C6D00DA5D83 /* Release */ = {
			isa = XCBuildConfiguration;
			buildSettings = {
				ASSETCATALOG_COMPILER_APPICON_NAME = AppIcon;
				INFOPLIST_FILE = Example/Info.plist;
				LD_RUNPATH_SEARCH_PATHS = "$(inherited) @executable_path/Frameworks";
				PRODUCT_BUNDLE_IDENTIFIER = com.appstronomy.Example;
				PRODUCT_NAME = "$(TARGET_NAME)";
				SWIFT_VERSION = 2.3;
			};
			name = Release;
		};
/* End XCBuildConfiguration section */

/* Begin XCConfigurationList section */
		4E3362F51CF11C6D00DA5D83 /* Build configuration list for PBXProject "Example" */ = {
			isa = XCConfigurationList;
			buildConfigurations = (
				4E33630A1CF11C6D00DA5D83 /* Debug */,
				4E33630B1CF11C6D00DA5D83 /* Release */,
			);
			defaultConfigurationIsVisible = 0;
			defaultConfigurationName = Release;
		};
		4E33630C1CF11C6D00DA5D83 /* Build configuration list for PBXNativeTarget "Example" */ = {
			isa = XCConfigurationList;
			buildConfigurations = (
				4E33630D1CF11C6D00DA5D83 /* Debug */,
				4E33630E1CF11C6D00DA5D83 /* Release */,
			);
			defaultConfigurationIsVisible = 0;
			defaultConfigurationName = Release;
		};
/* End XCConfigurationList section */
	};
	rootObject = 4E3362F21CF11C6D00DA5D83 /* Project object */;
}
